
Microsoft Visual Studio Solution File, Format Version 12.00
# Visual Studio Version 17
VisualStudioVersion = 17.12.35527.113
MinimumVisualStudioVersion = 10.0.40219.1
Project("{FAE04EC0-301F-11D3-BF4B-00C04F79EFBC}") = "mindy_launcher", "mindy_launcher\mindy_launcher.csproj", "{87066E24-DA82-4BD4-909E-CC7E6463DEF6}"
EndProject
Project("{54435603-DBB4-11D2-8724-00A0C9A8B90C}") = "mindy_launcher-setup", "mindy_launcher-setup\mindy_launcher-setup.vdproj", "{8AC97D04-182A-4102-A1AD-085E3B1F8CC8}"
EndProject
Global
	GlobalSection(SolutionConfigurationPlatforms) = preSolution
		Debug|Any CPU = Debug|Any CPU
		Release|Any CPU = Release|Any CPU
	EndGlobalSection
	GlobalSection(ProjectConfigurationPlatforms) = postSolution
		{87066E24-DA82-4BD4-909E-CC7E6463DEF6}.Debug|Any CPU.ActiveCfg = Debug|Any CPU
		{87066E24-DA82-4BD4-909E-CC7E6463DEF6}.Debug|Any CPU.Build.0 = Debug|Any CPU
		{87066E24-DA82-4BD4-909E-CC7E6463DEF6}.Release|Any CPU.ActiveCfg = Release|Any CPU
		{87066E24-DA82-4BD4-909E-CC7E6463DEF6}.Release|Any CPU.Build.0 = Release|Any CPU
		{8AC97D04-182A-4102-A1AD-085E3B1F8CC8}.Debug|Any CPU.ActiveCfg = Debug
		{8AC97D04-182A-4102-A1AD-085E3B1F8CC8}.Release|Any CPU.ActiveCfg = Release
	EndGlobalSection
	GlobalSection(SolutionProperties) = preSolution
		HideSolutionNode = FALSE
	EndGlobalSection
	GlobalSection(ExtensibilityGlobals) = postSolution
		SolutionGuid = {144D3886-60D2-48E5-8F82-ED358E14BACE}
	EndGlobalSection
EndGlobal
